
Microsoft Visual Studio Solution File, Format Version 12.00
# Visual Studio Version 17
VisualStudioVersion = 17.3.32819.101
MinimumVisualStudioVersion = 10.0.40219.1
Project("{9A19103F-16F7-4668-BE54-9A1E7A4F7556}") = "JFS_Task", "WebApplication1\JFS_Task.csproj", "{641F4A8A-302B-4C62-882E-3F2AD95D7A86}"
EndProject
Global
	GlobalSection(SolutionConfigurationPlatforms) = preSolution
		Debug|Any CPU = Debug|Any CPU
		Release|Any CPU = Release|Any CPU
	EndGlobalSection
	GlobalSection(ProjectConfigurationPlatforms) = postSolution
		{641F4A8A-302B-4C62-882E-3F2AD95D7A86}.Debug|Any CPU.ActiveCfg = Debug|Any CPU
		{641F4A8A-302B-4C62-882E-3F2AD95D7A86}.Debug|Any CPU.Build.0 = Debug|Any CPU
		{641F4A8A-302B-4C62-882E-3F2AD95D7A86}.Release|Any CPU.ActiveCfg = Release|Any CPU
		{641F4A8A-302B-4C62-882E-3F2AD95D7A86}.Release|Any CPU.Build.0 = Release|Any CPU
	EndGlobalSection
	GlobalSection(SolutionProperties) = preSolution
		HideSolutionNode = FALSE
	EndGlobalSection
	GlobalSection(ExtensibilityGlobals) = postSolution
		SolutionGuid = {355C7F8C-54BB-4E77-B943-FB112D3ADD3C}
	EndGlobalSection
EndGlobal
